
Microsoft Visual Studio Solution File, Format Version 12.00
# Visual Studio Version 16
VisualStudioVersion = 16.0.31729.503
MinimumVisualStudioVersion = 10.0.40219.1
Project("{FAE04EC0-301F-11D3-BF4B-00C04F79EFBC}") = "1задание", "1задание\1задание.csproj", "{FE40EA75-F177-48C2-8F1D-83BB69E6B1E8}"
EndProject
Global
	GlobalSection(SolutionConfigurationPlatforms) = preSolution
		Debug|Any CPU = Debug|Any CPU
		Release|Any CPU = Release|Any CPU
	EndGlobalSection
	GlobalSection(ProjectConfigurationPlatforms) = postSolution
		{FE40EA75-F177-48C2-8F1D-83BB69E6B1E8}.Debug|Any CPU.ActiveCfg = Debug|Any CPU
		{FE40EA75-F177-48C2-8F1D-83BB69E6B1E8}.Debug|Any CPU.Build.0 = Debug|Any CPU
		{FE40EA75-F177-48C2-8F1D-83BB69E6B1E8}.Release|Any CPU.ActiveCfg = Release|Any CPU
		{FE40EA75-F177-48C2-8F1D-83BB69E6B1E8}.Release|Any CPU.Build.0 = Release|Any CPU
	EndGlobalSection
	GlobalSection(SolutionProperties) = preSolution
		HideSolutionNode = FALSE
	EndGlobalSection
	GlobalSection(ExtensibilityGlobals) = postSolution
		SolutionGuid = {869D2E12-77A2-4B95-82D5-DD3EA4E4117B}
	EndGlobalSection
EndGlobal
